
Microsoft Visual Studio Solution File, Format Version 12.00
# Visual Studio Version 17
VisualStudioVersion = 17.0.32112.339
MinimumVisualStudioVersion = 10.0.40219.1
Project("{FAE04EC0-301F-11D3-BF4B-00C04F79EFBC}") = "API", "API\API.csproj", "{7B8395CF-61F2-42F5-97A5-7E75E2FE3491}"
EndProject
Global
	GlobalSection(SolutionConfigurationPlatforms) = preSolution
		Debug|Any CPU = Debug|Any CPU
		Release|Any CPU = Release|Any CPU
	EndGlobalSection
	GlobalSection(ProjectConfigurationPlatforms) = postSolution
		{7B8395CF-61F2-42F5-97A5-7E75E2FE3491}.Debug|Any CPU.ActiveCfg = Debug|Any CPU
		{7B8395CF-61F2-42F5-97A5-7E75E2FE3491}.Debug|Any CPU.Build.0 = Debug|Any CPU
		{7B8395CF-61F2-42F5-97A5-7E75E2FE3491}.Release|Any CPU.ActiveCfg = Release|Any CPU
		{7B8395CF-61F2-42F5-97A5-7E75E2FE3491}.Release|Any CPU.Build.0 = Release|Any CPU
	EndGlobalSection
	GlobalSection(SolutionProperties) = preSolution
		HideSolutionNode = FALSE
	EndGlobalSection
	GlobalSection(ExtensibilityGlobals) = postSolution
		SolutionGuid = {9BEF7FF7-BD02-45B3-ABB3-CDB95F48D21D}
	EndGlobalSection
EndGlobal
